// !$*UTF8*$!
{
	archiveVersion = 1;
	classes = {
	};
	objectVersion = 56;
	objects = {

/* Begin PBXBuildFile section */
		22021AD22C1302AB008D28F6 /* PresentPokemonsCollectionViewCell.swift in Sources */ = {isa = PBXBuildFile; fileRef = 22021AD12C1302AB008D28F6 /* PresentPokemonsCollectionViewCell.swift */; };
		2204420D2C470F2C00453E34 /* UILabel+CustomFont.swift in Sources */ = {isa = PBXBuildFile; fileRef = 2204420C2C470F2C00453E34 /* UILabel+CustomFont.swift */; };
		2204420F2C4724BF00453E34 /* UIFont+CustomFont.swift in Sources */ = {isa = PBXBuildFile; fileRef = 2204420E2C4724BF00453E34 /* UIFont+CustomFont.swift */; };
		220AE2072C1F646300F708F7 /* PokemonInfo.swift in Sources */ = {isa = PBXBuildFile; fileRef = 220AE2062C1F646300F708F7 /* PokemonInfo.swift */; };
		222356892C262A9B00B1E02A /* DetailInfoPokemonViewModel.swift in Sources */ = {isa = PBXBuildFile; fileRef = 222356882C262A9B00B1E02A /* DetailInfoPokemonViewModel.swift */; };
		222EC0B72C17898500804A99 /* DetailInfoPokemonVC.swift in Sources */ = {isa = PBXBuildFile; fileRef = 222EC0B62C17898500804A99 /* DetailInfoPokemonVC.swift */; };
		224DED962C524E88002AEF54 /* PokemonDetailInfoResponse.swift in Sources */ = {isa = PBXBuildFile; fileRef = 224DED952C524E88002AEF54 /* PokemonDetailInfoResponse.swift */; };
		224DED982C524EC5002AEF54 /* PokemonSpeciesResponse.swift in Sources */ = {isa = PBXBuildFile; fileRef = 224DED972C524EC5002AEF54 /* PokemonSpeciesResponse.swift */; };
		224DED9A2C524F03002AEF54 /* PokemonEvolutionChainResponse.swift in Sources */ = {isa = PBXBuildFile; fileRef = 224DED992C524F03002AEF54 /* PokemonEvolutionChainResponse.swift */; };
		224DED9C2C525260002AEF54 /* InfoMode.swift in Sources */ = {isa = PBXBuildFile; fileRef = 224DED9B2C525260002AEF54 /* InfoMode.swift */; };
		224F9DEA2C2583AC00457597 /* MainViewModel.swift in Sources */ = {isa = PBXBuildFile; fileRef = 224F9DE92C2583AC00457597 /* MainViewModel.swift */; };
		224F9DEC2C25A9B500457597 /* PresentPokemonsCellViewModel.swift in Sources */ = {isa = PBXBuildFile; fileRef = 224F9DEB2C25A9B500457597 /* PresentPokemonsCellViewModel.swift */; };
		2262A65F2C1E001F008BFAF3 /* ApiBuilder.swift in Sources */ = {isa = PBXBuildFile; fileRef = 2262A65E2C1E001F008BFAF3 /* ApiBuilder.swift */; };
		2262A6612C1E0274008BFAF3 /* ApiDataManager.swift in Sources */ = {isa = PBXBuildFile; fileRef = 2262A6602C1E0274008BFAF3 /* ApiDataManager.swift */; };
		22697DE52C373E0600EDDF69 /* EvolutionContainerView.swift in Sources */ = {isa = PBXBuildFile; fileRef = 22697DE42C373E0600EDDF69 /* EvolutionContainerView.swift */; };
		22697DE72C37561700EDDF69 /* EvolutionInfo.swift in Sources */ = {isa = PBXBuildFile; fileRef = 22697DE62C37561700EDDF69 /* EvolutionInfo.swift */; };
		227E82372C1F141B00CC749A /* PokemonMainInfoResponse.swift in Sources */ = {isa = PBXBuildFile; fileRef = 227E82362C1F141B00CC749A /* PokemonMainInfoResponse.swift */; };
		227E82392C1F1F7000CC749A /* NetworkError.swift in Sources */ = {isa = PBXBuildFile; fileRef = 227E82382C1F1F7000CC749A /* NetworkError.swift */; };
		228262F52C3782F0008519E6 /* MovesContainerView.swift in Sources */ = {isa = PBXBuildFile; fileRef = 228262F42C3782F0008519E6 /* MovesContainerView.swift */; };
		22A8864C2C0A7B9F004A60B1 /* Lato-Bold.ttf in Resources */ = {isa = PBXBuildFile; fileRef = 22A8864B2C0A7B9F004A60B1 /* Lato-Bold.ttf */; };
		22B444672C084FE100085AFA /* AppDelegate.swift in Sources */ = {isa = PBXBuildFile; fileRef = 22B444662C084FE100085AFA /* AppDelegate.swift */; };
		22B444692C084FE100085AFA /* SceneDelegate.swift in Sources */ = {isa = PBXBuildFile; fileRef = 22B444682C084FE100085AFA /* SceneDelegate.swift */; };
		22B4446B2C084FE100085AFA /* MainViewController.swift in Sources */ = {isa = PBXBuildFile; fileRef = 22B4446A2C084FE100085AFA /* MainViewController.swift */; };
		22B444702C084FE200085AFA /* Assets.xcassets in Resources */ = {isa = PBXBuildFile; fileRef = 22B4446F2C084FE200085AFA /* Assets.xcassets */; };
		22B444732C084FE200085AFA /* Base in Resources */ = {isa = PBXBuildFile; fileRef = 22B444722C084FE200085AFA /* Base */; };
		22B444822C08580100085AFA /* UIView+Constraints.swift in Sources */ = {isa = PBXBuildFile; fileRef = 22B444812C08580100085AFA /* UIView+Constraints.swift */; };
		22B444842C08583100085AFA /* UIViewController+KeyboardHandling.swift in Sources */ = {isa = PBXBuildFile; fileRef = 22B444832C08583100085AFA /* UIViewController+KeyboardHandling.swift */; };
		22B444862C08585A00085AFA /* UIColor+Extension.swift in Sources */ = {isa = PBXBuildFile; fileRef = 22B444852C08585A00085AFA /* UIColor+Extension.swift */; };
		22B444882C0858A900085AFA /* AppConstants.swift in Sources */ = {isa = PBXBuildFile; fileRef = 22B444872C0858A900085AFA /* AppConstants.swift */; };
		22B4448B2C085F5C00085AFA /* Lato-Semibold.ttf in Resources */ = {isa = PBXBuildFile; fileRef = 22B4448A2C085F5C00085AFA /* Lato-Semibold.ttf */; };
		22B4448D2C085F6A00085AFA /* Lato-Medium.ttf in Resources */ = {isa = PBXBuildFile; fileRef = 22B4448C2C085F6A00085AFA /* Lato-Medium.ttf */; };
		22B444912C085F9000085AFA /* Lato-Regular.ttf in Resources */ = {isa = PBXBuildFile; fileRef = 22B444902C085F9000085AFA /* Lato-Regular.ttf */; };
		22B444932C085FAF00085AFA /* Lato-Light.ttf in Resources */ = {isa = PBXBuildFile; fileRef = 22B444922C085FAF00085AFA /* Lato-Light.ttf */; };
		22BA54C42C2A34EA006D0966 /* AboutContainerView.swift in Sources */ = {isa = PBXBuildFile; fileRef = 22BA54C32C2A34EA006D0966 /* AboutContainerView.swift */; };
		22C2555B2C21E69700D9A6C2 /* CasheManager.swift in Sources */ = {isa = PBXBuildFile; fileRef = 22C2555A2C21E69700D9A6C2 /* CasheManager.swift */; };
		22E50D142C2FE98700A3488B /* StatsContainerView.swift in Sources */ = {isa = PBXBuildFile; fileRef = 22E50D132C2FE98700A3488B /* StatsContainerView.swift */; };
/* End PBXBuildFile section */

/* Begin PBXFileReference section */
		22021AD12C1302AB008D28F6 /* PresentPokemonsCollectionViewCell.swift */ = {isa = PBXFileReference; lastKnownFileType = sourcecode.swift; path = PresentPokemonsCollectionViewCell.swift; sourceTree = "<group>"; };
		2204420C2C470F2C00453E34 /* UILabel+CustomFont.swift */ = {isa = PBXFileReference; lastKnownFileType = sourcecode.swift; path = "UILabel+CustomFont.swift"; sourceTree = "<group>"; };
		2204420E2C4724BF00453E34 /* UIFont+CustomFont.swift */ = {isa = PBXFileReference; lastKnownFileType = sourcecode.swift; path = "UIFont+CustomFont.swift"; sourceTree = "<group>"; };
		220AE2062C1F646300F708F7 /* PokemonInfo.swift */ = {isa = PBXFileReference; lastKnownFileType = sourcecode.swift; path = PokemonInfo.swift; sourceTree = "<group>"; };
		222356882C262A9B00B1E02A /* DetailInfoPokemonViewModel.swift */ = {isa = PBXFileReference; lastKnownFileType = sourcecode.swift; path = DetailInfoPokemonViewModel.swift; sourceTree = "<group>"; };
		222EC0B62C17898500804A99 /* DetailInfoPokemonVC.swift */ = {isa = PBXFileReference; lastKnownFileType = sourcecode.swift; path = DetailInfoPokemonVC.swift; sourceTree = "<group>"; };
		224DED952C524E88002AEF54 /* PokemonDetailInfoResponse.swift */ = {isa = PBXFileReference; lastKnownFileType = sourcecode.swift; path = PokemonDetailInfoResponse.swift; sourceTree = "<group>"; };
		224DED972C524EC5002AEF54 /* PokemonSpeciesResponse.swift */ = {isa = PBXFileReference; lastKnownFileType = sourcecode.swift; path = PokemonSpeciesResponse.swift; sourceTree = "<group>"; };
		224DED992C524F03002AEF54 /* PokemonEvolutionChainResponse.swift */ = {isa = PBXFileReference; lastKnownFileType = sourcecode.swift; path = PokemonEvolutionChainResponse.swift; sourceTree = "<group>"; };
		224DED9B2C525260002AEF54 /* InfoMode.swift */ = {isa = PBXFileReference; lastKnownFileType = sourcecode.swift; path = InfoMode.swift; sourceTree = "<group>"; };
		224F9DE92C2583AC00457597 /* MainViewModel.swift */ = {isa = PBXFileReference; lastKnownFileType = sourcecode.swift; path = MainViewModel.swift; sourceTree = "<group>"; };
		224F9DEB2C25A9B500457597 /* PresentPokemonsCellViewModel.swift */ = {isa = PBXFileReference; lastKnownFileType = sourcecode.swift; path = PresentPokemonsCellViewModel.swift; sourceTree = "<group>"; };
		2262A65E2C1E001F008BFAF3 /* ApiBuilder.swift */ = {isa = PBXFileReference; lastKnownFileType = sourcecode.swift; path = ApiBuilder.swift; sourceTree = "<group>"; };
		2262A6602C1E0274008BFAF3 /* ApiDataManager.swift */ = {isa = PBXFileReference; lastKnownFileType = sourcecode.swift; path = ApiDataManager.swift; sourceTree = "<group>"; };
		22697DE42C373E0600EDDF69 /* EvolutionContainerView.swift */ = {isa = PBXFileReference; lastKnownFileType = sourcecode.swift; path = EvolutionContainerView.swift; sourceTree = "<group>"; };
		22697DE62C37561700EDDF69 /* EvolutionInfo.swift */ = {isa = PBXFileReference; lastKnownFileType = sourcecode.swift; path = EvolutionInfo.swift; sourceTree = "<group>"; };
		227E82362C1F141B00CC749A /* PokemonMainInfoResponse.swift */ = {isa = PBXFileReference; lastKnownFileType = sourcecode.swift; path = PokemonMainInfoResponse.swift; sourceTree = "<group>"; };
		227E82382C1F1F7000CC749A /* NetworkError.swift */ = {isa = PBXFileReference; lastKnownFileType = sourcecode.swift; path = NetworkError.swift; sourceTree = "<group>"; };
		228262F42C3782F0008519E6 /* MovesContainerView.swift */ = {isa = PBXFileReference; lastKnownFileType = sourcecode.swift; path = MovesContainerView.swift; sourceTree = "<group>"; };
		22A8864B2C0A7B9F004A60B1 /* Lato-Bold.ttf */ = {isa = PBXFileReference; lastKnownFileType = file; path = "Lato-Bold.ttf"; sourceTree = "<group>"; };
		22B444632C084FE100085AFA /* Catch'em all.app */ = {isa = PBXFileReference; explicitFileType = wrapper.application; includeInIndex = 0; path = "Catch'em all.app"; sourceTree = BUILT_PRODUCTS_DIR; };
		22B444662C084FE100085AFA /* AppDelegate.swift */ = {isa = PBXFileReference; lastKnownFileType = sourcecode.swift; path = AppDelegate.swift; sourceTree = "<group>"; };
		22B444682C084FE100085AFA /* SceneDelegate.swift */ = {isa = PBXFileReference; lastKnownFileType = sourcecode.swift; path = SceneDelegate.swift; sourceTree = "<group>"; };
		22B4446A2C084FE100085AFA /* MainViewController.swift */ = {isa = PBXFileReference; lastKnownFileType = sourcecode.swift; path = MainViewController.swift; sourceTree = "<group>"; };
		22B4446F2C084FE200085AFA /* Assets.xcassets */ = {isa = PBXFileReference; lastKnownFileType = folder.assetcatalog; path = Assets.xcassets; sourceTree = "<group>"; };
		22B444722C084FE200085AFA /* Base */ = {isa = PBXFileReference; lastKnownFileType = file.storyboard; name = Base; path = Base.lproj/LaunchScreen.storyboard; sourceTree = "<group>"; };
		22B444742C084FE200085AFA /* Info.plist */ = {isa = PBXFileReference; lastKnownFileType = text.plist.xml; path = Info.plist; sourceTree = "<group>"; };
		22B444812C08580100085AFA /* UIView+Constraints.swift */ = {isa = PBXFileReference; lastKnownFileType = sourcecode.swift; path = "UIView+Constraints.swift"; sourceTree = "<group>"; };
		22B444832C08583100085AFA /* UIViewController+KeyboardHandling.swift */ = {isa = PBXFileReference; lastKnownFileType = sourcecode.swift; path = "UIViewController+KeyboardHandling.swift"; sourceTree = "<group>"; };
		22B444852C08585A00085AFA /* UIColor+Extension.swift */ = {isa = PBXFileReference; lastKnownFileType = sourcecode.swift; path = "UIColor+Extension.swift"; sourceTree = "<group>"; };
		22B444872C0858A900085AFA /* AppConstants.swift */ = {isa = PBXFileReference; lastKnownFileType = sourcecode.swift; path = AppConstants.swift; sourceTree = "<group>"; };
		22B4448A2C085F5C00085AFA /* Lato-Semibold.ttf */ = {isa = PBXFileReference; lastKnownFileType = file; path = "Lato-Semibold.ttf"; sourceTree = "<group>"; };
		22B4448C2C085F6A00085AFA /* Lato-Medium.ttf */ = {isa = PBXFileReference; lastKnownFileType = file; path = "Lato-Medium.ttf"; sourceTree = "<group>"; };
		22B444902C085F9000085AFA /* Lato-Regular.ttf */ = {isa = PBXFileReference; lastKnownFileType = file; name = "Lato-Regular.ttf"; path = "../../../../../Fonts/lato/Lato-Regular.ttf"; sourceTree = "<group>"; };
		22B444922C085FAF00085AFA /* Lato-Light.ttf */ = {isa = PBXFileReference; lastKnownFileType = file; path = "Lato-Light.ttf"; sourceTree = "<group>"; };
		22BA54C32C2A34EA006D0966 /* AboutContainerView.swift */ = {isa = PBXFileReference; lastKnownFileType = sourcecode.swift; path = AboutContainerView.swift; sourceTree = "<group>"; };
		22C2555A2C21E69700D9A6C2 /* CasheManager.swift */ = {isa = PBXFileReference; lastKnownFileType = sourcecode.swift; path = CasheManager.swift; sourceTree = "<group>"; };
		22E50D132C2FE98700A3488B /* StatsContainerView.swift */ = {isa = PBXFileReference; lastKnownFileType = sourcecode.swift; path = StatsContainerView.swift; sourceTree = "<group>"; };
/* End PBXFileReference section */

/* Begin PBXFrameworksBuildPhase section */
		22B444602C084FE100085AFA /* Frameworks */ = {
			isa = PBXFrameworksBuildPhase;
			buildActionMask = 2147483647;
			files = (
			);
			runOnlyForDeploymentPostprocessing = 0;
		};
/* End PBXFrameworksBuildPhase section */

/* Begin PBXGroup section */
		2262A65D2C1DFFE5008BFAF3 /* Network */ = {
			isa = PBXGroup;
			children = (
				2262A6602C1E0274008BFAF3 /* ApiDataManager.swift */,
				22C2555A2C21E69700D9A6C2 /* CasheManager.swift */,
				227E82382C1F1F7000CC749A /* NetworkError.swift */,
				2262A65E2C1E001F008BFAF3 /* ApiBuilder.swift */,
			);
			path = Network;
			sourceTree = "<group>";
		};
		22B4445A2C084FE100085AFA = {
			isa = PBXGroup;
			children = (
				22B444652C084FE100085AFA /* Catch'em all */,
				22B444642C084FE100085AFA /* Products */,
			);
			sourceTree = "<group>";
		};
		22B444642C084FE100085AFA /* Products */ = {
			isa = PBXGroup;
			children = (
				22B444632C084FE100085AFA /* Catch'em all.app */,
			);
			name = Products;
			sourceTree = "<group>";
		};
		22B444652C084FE100085AFA /* Catch'em all */ = {
			isa = PBXGroup;
			children = (
				22B444742C084FE200085AFA /* Info.plist */,
				22B444712C084FE200085AFA /* LaunchScreen.storyboard */,
				22B4447D2C08571100085AFA /* Application */,
				22B4447B2C0856EC00085AFA /* Utilities */,
				22B4447C2C0856FE00085AFA /* Extensions */,
				22B4447A2C0856CF00085AFA /* Resources */,
				22B444802C08578500085AFA /* Models */,
				22B4447E2C08573600085AFA /* Views */,
				22B4447F2C08577600085AFA /* ViewModels */,
				2262A65D2C1DFFE5008BFAF3 /* Network */,
			);
			path = "Catch'em all";
			sourceTree = "<group>";
		};
		22B4447A2C0856CF00085AFA /* Resources */ = {
			isa = PBXGroup;
			children = (
				22B4446F2C084FE200085AFA /* Assets.xcassets */,
				22B444892C0858E200085AFA /* Fonts */,
			);
			path = Resources;
			sourceTree = "<group>";
		};
		22B4447B2C0856EC00085AFA /* Utilities */ = {
			isa = PBXGroup;
			children = (
				22B444872C0858A900085AFA /* AppConstants.swift */,
			);
			path = Utilities;
			sourceTree = "<group>";
		};
		22B4447C2C0856FE00085AFA /* Extensions */ = {
			isa = PBXGroup;
			children = (
				22B444812C08580100085AFA /* UIView+Constraints.swift */,
				22B444832C08583100085AFA /* UIViewController+KeyboardHandling.swift */,
				22B444852C08585A00085AFA /* UIColor+Extension.swift */,
				2204420C2C470F2C00453E34 /* UILabel+CustomFont.swift */,
				2204420E2C4724BF00453E34 /* UIFont+CustomFont.swift */,
			);
			path = Extensions;
			sourceTree = "<group>";
		};
		22B4447D2C08571100085AFA /* Application */ = {
			isa = PBXGroup;
			children = (
				22B444662C084FE100085AFA /* AppDelegate.swift */,
				22B444682C084FE100085AFA /* SceneDelegate.swift */,
			);
			path = Application;
			sourceTree = "<group>";
		};
		22B4447E2C08573600085AFA /* Views */ = {
			isa = PBXGroup;
			children = (
				22B4446A2C084FE100085AFA /* MainViewController.swift */,
				222EC0B62C17898500804A99 /* DetailInfoPokemonVC.swift */,
				22BA54C52C2A3D0A006D0966 /* Subviews */,
			);
			path = Views;
			sourceTree = "<group>";
		};
		22B4447F2C08577600085AFA /* ViewModels */ = {
			isa = PBXGroup;
			children = (
				224F9DE92C2583AC00457597 /* MainViewModel.swift */,
				224F9DEB2C25A9B500457597 /* PresentPokemonsCellViewModel.swift */,
				222356882C262A9B00B1E02A /* DetailInfoPokemonViewModel.swift */,
			);
			path = ViewModels;
			sourceTree = "<group>";
		};
		22B444802C08578500085AFA /* Models */ = {
			isa = PBXGroup;
			children = (
				227E82362C1F141B00CC749A /* PokemonMainInfoResponse.swift */,
				224DED952C524E88002AEF54 /* PokemonDetailInfoResponse.swift */,
				224DED972C524EC5002AEF54 /* PokemonSpeciesResponse.swift */,
				224DED992C524F03002AEF54 /* PokemonEvolutionChainResponse.swift */,
				220AE2062C1F646300F708F7 /* PokemonInfo.swift */,
				22697DE62C37561700EDDF69 /* EvolutionInfo.swift */,
				224DED9B2C525260002AEF54 /* InfoMode.swift */,
			);
			path = Models;
			sourceTree = "<group>";
		};
		22B444892C0858E200085AFA /* Fonts */ = {
			isa = PBXGroup;
			children = (
				22A8864B2C0A7B9F004A60B1 /* Lato-Bold.ttf */,
				22B4448A2C085F5C00085AFA /* Lato-Semibold.ttf */,
				22B4448C2C085F6A00085AFA /* Lato-Medium.ttf */,
				22B444902C085F9000085AFA /* Lato-Regular.ttf */,
				22B444922C085FAF00085AFA /* Lato-Light.ttf */,
			);
			path = Fonts;
			sourceTree = "<group>";
		};
		22BA54C52C2A3D0A006D0966 /* Subviews */ = {
			isa = PBXGroup;
			children = (
				22021AD12C1302AB008D28F6 /* PresentPokemonsCollectionViewCell.swift */,
				22BA54C32C2A34EA006D0966 /* AboutContainerView.swift */,
				22E50D132C2FE98700A3488B /* StatsContainerView.swift */,
				22697DE42C373E0600EDDF69 /* EvolutionContainerView.swift */,
				228262F42C3782F0008519E6 /* MovesContainerView.swift */,
			);
			path = Subviews;
			sourceTree = "<group>";
		};
/* End PBXGroup section */

/* Begin PBXNativeTarget section */
		22B444622C084FE100085AFA /* Catch'em all */ = {
			isa = PBXNativeTarget;
			buildConfigurationList = 22B444772C084FE200085AFA /* Build configuration list for PBXNativeTarget "Catch'em all" */;
			buildPhases = (
				22B4445F2C084FE100085AFA /* Sources */,
				22B444602C084FE100085AFA /* Frameworks */,
				22B444612C084FE100085AFA /* Resources */,
			);
			buildRules = (
			);
			dependencies = (
			);
			name = "Catch'em all";
			productName = "Catch'em all";
			productReference = 22B444632C084FE100085AFA /* Catch'em all.app */;
			productType = "com.apple.product-type.application";
		};
/* End PBXNativeTarget section */

/* Begin PBXProject section */
		22B4445B2C084FE100085AFA /* Project object */ = {
			isa = PBXProject;
			attributes = {
				BuildIndependentTargetsInParallel = 1;
				LastSwiftUpdateCheck = 1540;
				LastUpgradeCheck = 1540;
				TargetAttributes = {
					22B444622C084FE100085AFA = {
						CreatedOnToolsVersion = 15.4;
					};
				};
			};
			buildConfigurationList = 22B4445E2C084FE100085AFA /* Build configuration list for PBXProject "Catch'em all" */;
			compatibilityVersion = "Xcode 14.0";
			developmentRegion = en;
			hasScannedForEncodings = 0;
			knownRegions = (
				en,
				Base,
			);
			mainGroup = 22B4445A2C084FE100085AFA;
			productRefGroup = 22B444642C084FE100085AFA /* Products */;
			projectDirPath = "";
			projectRoot = "";
			targets = (
				22B444622C084FE100085AFA /* Catch'em all */,
			);
		};
/* End PBXProject section */

/* Begin PBXResourcesBuildPhase section */
		22B444612C084FE100085AFA /* Resources */ = {
			isa = PBXResourcesBuildPhase;
			buildActionMask = 2147483647;
			files = (
				22A8864C2C0A7B9F004A60B1 /* Lato-Bold.ttf in Resources */,
				22B444702C084FE200085AFA /* Assets.xcassets in Resources */,
				22B444912C085F9000085AFA /* Lato-Regular.ttf in Resources */,
				22B4448D2C085F6A00085AFA /* Lato-Medium.ttf in Resources */,
				22B444932C085FAF00085AFA /* Lato-Light.ttf in Resources */,
				22B444732C084FE200085AFA /* Base in Resources */,
				22B4448B2C085F5C00085AFA /* Lato-Semibold.ttf in Resources */,
			);
			runOnlyForDeploymentPostprocessing = 0;
		};
/* End PBXResourcesBuildPhase section */

/* Begin PBXSourcesBuildPhase section */
		22B4445F2C084FE100085AFA /* Sources */ = {
			isa = PBXSourcesBuildPhase;
			buildActionMask = 2147483647;
			files = (
				22E50D142C2FE98700A3488B /* StatsContainerView.swift in Sources */,
				22B444842C08583100085AFA /* UIViewController+KeyboardHandling.swift in Sources */,
				220AE2072C1F646300F708F7 /* PokemonInfo.swift in Sources */,
				227E82372C1F141B00CC749A /* PokemonMainInfoResponse.swift in Sources */,
				22BA54C42C2A34EA006D0966 /* AboutContainerView.swift in Sources */,
				2262A6612C1E0274008BFAF3 /* ApiDataManager.swift in Sources */,
				2204420D2C470F2C00453E34 /* UILabel+CustomFont.swift in Sources */,
				22B4446B2C084FE100085AFA /* MainViewController.swift in Sources */,
				22B444672C084FE100085AFA /* AppDelegate.swift in Sources */,
				222356892C262A9B00B1E02A /* DetailInfoPokemonViewModel.swift in Sources */,
				224F9DEC2C25A9B500457597 /* PresentPokemonsCellViewModel.swift in Sources */,
				22B444862C08585A00085AFA /* UIColor+Extension.swift in Sources */,
				224DED982C524EC5002AEF54 /* PokemonSpeciesResponse.swift in Sources */,
				228262F52C3782F0008519E6 /* MovesContainerView.swift in Sources */,
				22B444882C0858A900085AFA /* AppConstants.swift in Sources */,
				22697DE52C373E0600EDDF69 /* EvolutionContainerView.swift in Sources */,
				22B444692C084FE100085AFA /* SceneDelegate.swift in Sources */,
				2204420F2C4724BF00453E34 /* UIFont+CustomFont.swift in Sources */,
				224DED9C2C525260002AEF54 /* InfoMode.swift in Sources */,
				222EC0B72C17898500804A99 /* DetailInfoPokemonVC.swift in Sources */,
				22021AD22C1302AB008D28F6 /* PresentPokemonsCollectionViewCell.swift in Sources */,
				22C2555B2C21E69700D9A6C2 /* CasheManager.swift in Sources */,
				22697DE72C37561700EDDF69 /* EvolutionInfo.swift in Sources */,
				224DED9A2C524F03002AEF54 /* PokemonEvolutionChainResponse.swift in Sources */,
				224DED962C524E88002AEF54 /* PokemonDetailInfoResponse.swift in Sources */,
				227E82392C1F1F7000CC749A /* NetworkError.swift in Sources */,
				2262A65F2C1E001F008BFAF3 /* ApiBuilder.swift in Sources */,
				22B444822C08580100085AFA /* UIView+Constraints.swift in Sources */,
				224F9DEA2C2583AC00457597 /* MainViewModel.swift in Sources */,
			);
			runOnlyForDeploymentPostprocessing = 0;
		};
/* End PBXSourcesBuildPhase section */

/* Begin PBXVariantGroup section */
		22B444712C084FE200085AFA /* LaunchScreen.storyboard */ = {
			isa = PBXVariantGroup;
			children = (
				22B444722C084FE200085AFA /* Base */,
			);
			name = LaunchScreen.storyboard;
			sourceTree = "<group>";
		};
/* End PBXVariantGroup section */

/* Begin XCBuildConfiguration section */
		22B444752C084FE200085AFA /* Debug */ = {
			isa = XCBuildConfiguration;
			buildSettings = {
				ALWAYS_SEARCH_USER_PATHS = NO;
				ASSETCATALOG_COMPILER_GENERATE_SWIFT_ASSET_SYMBOL_EXTENSIONS = YES;
				CLANG_ANALYZER_NONNULL = YES;
				CLANG_ANALYZER_NUMBER_OBJECT_CONVERSION = YES_AGGRESSIVE;
				CLANG_CXX_LANGUAGE_STANDARD = "gnu++20";
				CLANG_ENABLE_MODULES = YES;
				CLANG_ENABLE_OBJC_ARC = YES;
				CLANG_ENABLE_OBJC_WEAK = YES;
				CLANG_WARN_BLOCK_CAPTURE_AUTORELEASING = YES;
				CLANG_WARN_BOOL_CONVERSION = YES;
				CLANG_WARN_COMMA = YES;
				CLANG_WARN_CONSTANT_CONVERSION = YES;
				CLANG_WARN_DEPRECATED_OBJC_IMPLEMENTATIONS = YES;
				CLANG_WARN_DIRECT_OBJC_ISA_USAGE = YES_ERROR;
				CLANG_WARN_DOCUMENTATION_COMMENTS = YES;
				CLANG_WARN_EMPTY_BODY = YES;
				CLANG_WARN_ENUM_CONVERSION = YES;
				CLANG_WARN_INFINITE_RECURSION = YES;
				CLANG_WARN_INT_CONVERSION = YES;
				CLANG_WARN_NON_LITERAL_NULL_CONVERSION = YES;
				CLANG_WARN_OBJC_IMPLICIT_RETAIN_SELF = YES;
				CLANG_WARN_OBJC_LITERAL_CONVERSION = YES;
				CLANG_WARN_OBJC_ROOT_CLASS = YES_ERROR;
				CLANG_WARN_QUOTED_INCLUDE_IN_FRAMEWORK_HEADER = YES;
				CLANG_WARN_RANGE_LOOP_ANALYSIS = YES;
				CLANG_WARN_STRICT_PROTOTYPES = YES;
				CLANG_WARN_SUSPICIOUS_MOVE = YES;
				CLANG_WARN_UNGUARDED_AVAILABILITY = YES_AGGRESSIVE;
				CLANG_WARN_UNREACHABLE_CODE = YES;
				CLANG_WARN__DUPLICATE_METHOD_MATCH = YES;
				COPY_PHASE_STRIP = NO;
				DEBUG_INFORMATION_FORMAT = dwarf;
				ENABLE_STRICT_OBJC_MSGSEND = YES;
				ENABLE_TESTABILITY = YES;
				ENABLE_USER_SCRIPT_SANDBOXING = YES;
				GCC_C_LANGUAGE_STANDARD = gnu17;
				GCC_DYNAMIC_NO_PIC = NO;
				GCC_NO_COMMON_BLOCKS = YES;
				GCC_OPTIMIZATION_LEVEL = 0;
				GCC_PREPROCESSOR_DEFINITIONS = (
					"DEBUG=1",
					"$(inherited)",
				);
				GCC_WARN_64_TO_32_BIT_CONVERSION = YES;
				GCC_WARN_ABOUT_RETURN_TYPE = YES_ERROR;
				GCC_WARN_UNDECLARED_SELECTOR = YES;
				GCC_WARN_UNINITIALIZED_AUTOS = YES_AGGRESSIVE;
				GCC_WARN_UNUSED_FUNCTION = YES;
				GCC_WARN_UNUSED_VARIABLE = YES;
				IPHONEOS_DEPLOYMENT_TARGET = 17.5;
				LOCALIZATION_PREFERS_STRING_CATALOGS = YES;
				MTL_ENABLE_DEBUG_INFO = INCLUDE_SOURCE;
				MTL_FAST_MATH = YES;
				ONLY_ACTIVE_ARCH = YES;
				SDKROOT = iphoneos;
				SWIFT_ACTIVE_COMPILATION_CONDITIONS = "DEBUG $(inherited)";
				SWIFT_OPTIMIZATION_LEVEL = "-Onone";
			};
			name = Debug;
		};
		22B444762C084FE200085AFA /* Release */ = {
			isa = XCBuildConfiguration;
			buildSettings = {
				ALWAYS_SEARCH_USER_PATHS = NO;
				ASSETCATALOG_COMPILER_GENERATE_SWIFT_ASSET_SYMBOL_EXTENSIONS = YES;
				CLANG_ANALYZER_NONNULL = YES;
				CLANG_ANALYZER_NUMBER_OBJECT_CONVERSION = YES_AGGRESSIVE;
				CLANG_CXX_LANGUAGE_STANDARD = "gnu++20";
				CLANG_ENABLE_MODULES = YES;
				CLANG_ENABLE_OBJC_ARC = YES;
				CLANG_ENABLE_OBJC_WEAK = YES;
				CLANG_WARN_BLOCK_CAPTURE_AUTORELEASING = YES;
				CLANG_WARN_BOOL_CONVERSION = YES;
				CLANG_WARN_COMMA = YES;
				CLANG_WARN_CONSTANT_CONVERSION = YES;
				CLANG_WARN_DEPRECATED_OBJC_IMPLEMENTATIONS = YES;
				CLANG_WARN_DIRECT_OBJC_ISA_USAGE = YES_ERROR;
				CLANG_WARN_DOCUMENTATION_COMMENTS = YES;
				CLANG_WARN_EMPTY_BODY = YES;
				CLANG_WARN_ENUM_CONVERSION = YES;
				CLANG_WARN_INFINITE_RECURSION = YES;
				CLANG_WARN_INT_CONVERSION = YES;
				CLANG_WARN_NON_LITERAL_NULL_CONVERSION = YES;
				CLANG_WARN_OBJC_IMPLICIT_RETAIN_SELF = YES;
				CLANG_WARN_OBJC_LITERAL_CONVERSION = YES;
				CLANG_WARN_OBJC_ROOT_CLASS = YES_ERROR;
				CLANG_WARN_QUOTED_INCLUDE_IN_FRAMEWORK_HEADER = YES;
				CLANG_WARN_RANGE_LOOP_ANALYSIS = YES;
				CLANG_WARN_STRICT_PROTOTYPES = YES;
				CLANG_WARN_SUSPICIOUS_MOVE = YES;
				CLANG_WARN_UNGUARDED_AVAILABILITY = YES_AGGRESSIVE;
				CLANG_WARN_UNREACHABLE_CODE = YES;
				CLANG_WARN__DUPLICATE_METHOD_MATCH = YES;
				COPY_PHASE_STRIP = NO;
				DEBUG_INFORMATION_FORMAT = "dwarf-with-dsym";
				ENABLE_NS_ASSERTIONS = NO;
				ENABLE_STRICT_OBJC_MSGSEND = YES;
				ENABLE_USER_SCRIPT_SANDBOXING = YES;
				GCC_C_LANGUAGE_STANDARD = gnu17;
				GCC_NO_COMMON_BLOCKS = YES;
				GCC_WARN_64_TO_32_BIT_CONVERSION = YES;
				GCC_WARN_ABOUT_RETURN_TYPE = YES_ERROR;
				GCC_WARN_UNDECLARED_SELECTOR = YES;
				GCC_WARN_UNINITIALIZED_AUTOS = YES_AGGRESSIVE;
				GCC_WARN_UNUSED_FUNCTION = YES;
				GCC_WARN_UNUSED_VARIABLE = YES;
				IPHONEOS_DEPLOYMENT_TARGET = 17.5;
				LOCALIZATION_PREFERS_STRING_CATALOGS = YES;
				MTL_ENABLE_DEBUG_INFO = NO;
				MTL_FAST_MATH = YES;
				SDKROOT = iphoneos;
				SWIFT_COMPILATION_MODE = wholemodule;
				VALIDATE_PRODUCT = YES;
			};
			name = Release;
		};
		22B444782C084FE200085AFA /* Debug */ = {
			isa = XCBuildConfiguration;
			buildSettings = {
				ASSETCATALOG_COMPILER_APPICON_NAME = AppIcon;
				ASSETCATALOG_COMPILER_GLOBAL_ACCENT_COLOR_NAME = AccentColor;
				CODE_SIGN_STYLE = Automatic;
				CURRENT_PROJECT_VERSION = 1;
				DEVELOPMENT_TEAM = 4D98645N8M;
				GENERATE_INFOPLIST_FILE = YES;
				INFOPLIST_FILE = "Catch'em all/Info.plist";
				INFOPLIST_KEY_UIApplicationSupportsIndirectInputEvents = YES;
				INFOPLIST_KEY_UILaunchStoryboardName = LaunchScreen;
				INFOPLIST_KEY_UISupportedInterfaceOrientations = UIInterfaceOrientationPortrait;
				IPHONEOS_DEPLOYMENT_TARGET = 13.0;
				LD_RUNPATH_SEARCH_PATHS = (
					"$(inherited)",
					"@executable_path/Frameworks",
				);
				MARKETING_VERSION = 1.0;
				PRODUCT_BUNDLE_IDENTIFIER = "Solohub.Catch-em-all";
				PRODUCT_NAME = "$(TARGET_NAME)";
				SWIFT_EMIT_LOC_STRINGS = YES;
				SWIFT_VERSION = 5.0;
				TARGETED_DEVICE_FAMILY = "1,2";
			};
			name = Debug;
		};
		22B444792C084FE200085AFA /* Release */ = {
			isa = XCBuildConfiguration;
			buildSettings = {
				ASSETCATALOG_COMPILER_APPICON_NAME = AppIcon;
				ASSETCATALOG_COMPILER_GLOBAL_ACCENT_COLOR_NAME = AccentColor;
				CODE_SIGN_STYLE = Automatic;
				CURRENT_PROJECT_VERSION = 1;
				DEVELOPMENT_TEAM = 4D98645N8M;
				GENERATE_INFOPLIST_FILE = YES;
				INFOPLIST_FILE = "Catch'em all/Info.plist";
				INFOPLIST_KEY_UIApplicationSupportsIndirectInputEvents = YES;
				INFOPLIST_KEY_UILaunchStoryboardName = LaunchScreen;
				INFOPLIST_KEY_UISupportedInterfaceOrientations = UIInterfaceOrientationPortrait;
				IPHONEOS_DEPLOYMENT_TARGET = 13.0;
				LD_RUNPATH_SEARCH_PATHS = (
					"$(inherited)",
					"@executable_path/Frameworks",
				);
				MARKETING_VERSION = 1.0;
				PRODUCT_BUNDLE_IDENTIFIER = "Solohub.Catch-em-all";
				PRODUCT_NAME = "$(TARGET_NAME)";
				SWIFT_EMIT_LOC_STRINGS = YES;
				SWIFT_VERSION = 5.0;
				TARGETED_DEVICE_FAMILY = "1,2";
			};
			name = Release;
		};
/* End XCBuildConfiguration section */

/* Begin XCConfigurationList section */
		22B4445E2C084FE100085AFA /* Build configuration list for PBXProject "Catch'em all" */ = {
			isa = XCConfigurationList;
			buildConfigurations = (
				22B444752C084FE200085AFA /* Debug */,
				22B444762C084FE200085AFA /* Release */,
			);
			defaultConfigurationIsVisible = 0;
			defaultConfigurationName = Release;
		};
		22B444772C084FE200085AFA /* Build configuration list for PBXNativeTarget "Catch'em all" */ = {
			isa = XCConfigurationList;
			buildConfigurations = (
				22B444782C084FE200085AFA /* Debug */,
				22B444792C084FE200085AFA /* Release */,
			);
			defaultConfigurationIsVisible = 0;
			defaultConfigurationName = Release;
		};
/* End XCConfigurationList section */
	};
	rootObject = 22B4445B2C084FE100085AFA /* Project object */;
}
